
Microsoft Visual Studio Solution File, Format Version 12.00
# Visual Studio 2013
VisualStudioVersion = 12.0.21005.1
MinimumVisualStudioVersion = 10.0.40219.1
Project("{FAE04EC0-301F-11D3-BF4B-00C04F79EFBC}") = "KalimaSDK", "KalimaSDK\KalimaSDK.csproj", "{DDC2BB66-C711-4BAC-BAED-DBEAB1766ABF}"
EndProject
Global
	GlobalSection(SolutionConfigurationPlatforms) = preSolution
		Debug|Any CPU = Debug|Any CPU
		Release|Any CPU = Release|Any CPU
	EndGlobalSection
	GlobalSection(ProjectConfigurationPlatforms) = postSolution
		{DDC2BB66-C711-4BAC-BAED-DBEAB1766ABF}.Debug|Any CPU.ActiveCfg = Debug|Any CPU
		{DDC2BB66-C711-4BAC-BAED-DBEAB1766ABF}.Debug|Any CPU.Build.0 = Debug|Any CPU
		{DDC2BB66-C711-4BAC-BAED-DBEAB1766ABF}.Release|Any CPU.ActiveCfg = Release|Any CPU
		{DDC2BB66-C711-4BAC-BAED-DBEAB1766ABF}.Release|Any CPU.Build.0 = Release|Any CPU
	EndGlobalSection
	GlobalSection(SolutionProperties) = preSolution
		HideSolutionNode = FALSE
	EndGlobalSection
EndGlobal
